
Microsoft Visual Studio Solution File, Format Version 12.00
# Visual Studio Version 16
VisualStudioVersion = 16.0.30717.126
MinimumVisualStudioVersion = 10.0.40219.1
Project("{FAE04EC0-301F-11D3-BF4B-00C04F79EFBC}") = "baitap1", "baitap1.csproj", "{917E0B0F-1425-4EE8-8EE6-6BE048CC55FF}"
EndProject
Global
	GlobalSection(SolutionConfigurationPlatforms) = preSolution
		Debug|Any CPU = Debug|Any CPU
		Release|Any CPU = Release|Any CPU
	EndGlobalSection
	GlobalSection(ProjectConfigurationPlatforms) = postSolution
		{917E0B0F-1425-4EE8-8EE6-6BE048CC55FF}.Debug|Any CPU.ActiveCfg = Debug|Any CPU
		{917E0B0F-1425-4EE8-8EE6-6BE048CC55FF}.Debug|Any CPU.Build.0 = Debug|Any CPU
		{917E0B0F-1425-4EE8-8EE6-6BE048CC55FF}.Release|Any CPU.ActiveCfg = Release|Any CPU
		{917E0B0F-1425-4EE8-8EE6-6BE048CC55FF}.Release|Any CPU.Build.0 = Release|Any CPU
	EndGlobalSection
	GlobalSection(SolutionProperties) = preSolution
		HideSolutionNode = FALSE
	EndGlobalSection
	GlobalSection(ExtensibilityGlobals) = postSolution
		SolutionGuid = {8A47A59A-E912-4998-B3B6-5DA879531030}
	EndGlobalSection
EndGlobal
